
Microsoft Visual Studio Solution File, Format Version 12.00
# Visual Studio Version 17
VisualStudioVersion = 17.2.32602.215
MinimumVisualStudioVersion = 10.0.40219.1
Project("{FAE04EC0-301F-11D3-BF4B-00C04F79EFBC}") = "Volteador", "Volteador\Volteador.csproj", "{F89B8AD5-DD2D-47C0-A83B-C1D37DA348EA}"
EndProject
Global
	GlobalSection(SolutionConfigurationPlatforms) = preSolution
		Debug|Any CPU = Debug|Any CPU
		Release|Any CPU = Release|Any CPU
	EndGlobalSection
	GlobalSection(ProjectConfigurationPlatforms) = postSolution
		{F89B8AD5-DD2D-47C0-A83B-C1D37DA348EA}.Debug|Any CPU.ActiveCfg = Debug|Any CPU
		{F89B8AD5-DD2D-47C0-A83B-C1D37DA348EA}.Debug|Any CPU.Build.0 = Debug|Any CPU
		{F89B8AD5-DD2D-47C0-A83B-C1D37DA348EA}.Release|Any CPU.ActiveCfg = Release|Any CPU
		{F89B8AD5-DD2D-47C0-A83B-C1D37DA348EA}.Release|Any CPU.Build.0 = Release|Any CPU
	EndGlobalSection
	GlobalSection(SolutionProperties) = preSolution
		HideSolutionNode = FALSE
	EndGlobalSection
	GlobalSection(ExtensibilityGlobals) = postSolution
		SolutionGuid = {0D8513B6-A371-41E7-9FFA-A0194E95948F}
	EndGlobalSection
EndGlobal
